
Microsoft Visual Studio Solution File, Format Version 12.00
# Visual Studio 15
VisualStudioVersion = 15.0.28307.572
MinimumVisualStudioVersion = 10.0.40219.1
Project("{2150E333-8FDC-42A3-9474-1A3956D46DE8}") = "Foundation", "Foundation", "{657EFDB2-31D9-42E5-B778-6CEAC1CEB398}"
EndProject
Project("{2150E333-8FDC-42A3-9474-1A3956D46DE8}") = "Project", "Project", "{A401D105-1E90-4AB4-A282-64175FF07E70}"
EndProject
Project("{2150E333-8FDC-42A3-9474-1A3956D46DE8}") = "Feature", "Feature", "{C902FA7F-762A-47F9-A0B3-875D26F3FE89}"
EndProject
Project("{FAE04EC0-301F-11D3-BF4B-00C04F79EFBC}") = "Sitecore.Varsity.Website", "Src\Project\code\Sitecore.Varsity.Website.csproj", "{3AE9C2C5-74D4-40A8-A7A2-E0D9BBCC6D21}"
EndProject
Project("{2150E333-8FDC-42A3-9474-1A3956D46DE8}") = "Website", "Website", "{F15FEAC9-DBFD-4B92-9508-FAC296F77A75}"
EndProject
Global
	GlobalSection(SolutionConfigurationPlatforms) = preSolution
		Debug|Any CPU = Debug|Any CPU
		Release|Any CPU = Release|Any CPU
	EndGlobalSection
	GlobalSection(ProjectConfigurationPlatforms) = postSolution
		{3AE9C2C5-74D4-40A8-A7A2-E0D9BBCC6D21}.Debug|Any CPU.ActiveCfg = Debug|Any CPU
		{3AE9C2C5-74D4-40A8-A7A2-E0D9BBCC6D21}.Debug|Any CPU.Build.0 = Debug|Any CPU
		{3AE9C2C5-74D4-40A8-A7A2-E0D9BBCC6D21}.Release|Any CPU.ActiveCfg = Release|Any CPU
		{3AE9C2C5-74D4-40A8-A7A2-E0D9BBCC6D21}.Release|Any CPU.Build.0 = Release|Any CPU
	EndGlobalSection
	GlobalSection(SolutionProperties) = preSolution
		HideSolutionNode = FALSE
	EndGlobalSection
	GlobalSection(NestedProjects) = preSolution
		{3AE9C2C5-74D4-40A8-A7A2-E0D9BBCC6D21} = {F15FEAC9-DBFD-4B92-9508-FAC296F77A75}
		{F15FEAC9-DBFD-4B92-9508-FAC296F77A75} = {A401D105-1E90-4AB4-A282-64175FF07E70}
	EndGlobalSection
	GlobalSection(ExtensibilityGlobals) = postSolution
		SolutionGuid = {87D1FA9A-E835-482E-8CE0-FA32792ADA99}
	EndGlobalSection
EndGlobal
