
Microsoft Visual Studio Solution File, Format Version 12.00
# Visual Studio 14
VisualStudioVersion = 14.0.25420.1
MinimumVisualStudioVersion = 10.0.40219.1
Project("{2150E333-8FDC-42A3-9474-1A3956D46DE8}") = "Project", "Project", "{DC440433-9073-47A3-96DF-5C23C2A4328C}"
EndProject
Project("{2150E333-8FDC-42A3-9474-1A3956D46DE8}") = "Foundation", "Foundation", "{A6FEF6CE-366E-4070-AB93-32FA0DA2361E}"
EndProject
Project("{2150E333-8FDC-42A3-9474-1A3956D46DE8}") = "Feature", "Feature", "{DE344844-20F2-480C-9235-E1D43CFD14B0}"
EndProject
Project("{2150E333-8FDC-42A3-9474-1A3956D46DE8}") = "Website", "Website", "{FA2B934A-4D23-4264-8531-72C166EFB53F}"
EndProject
Project("{FAE04EC0-301F-11D3-BF4B-00C04F79EFBC}") = "Sitecore.Varsity.Website", "Src\Project\code\Sitecore.Varsity.Website.csproj", "{3AE9C2C5-74D4-40A8-A7A2-E0D9BBCC6D21}"
EndProject
Global
	GlobalSection(SolutionConfigurationPlatforms) = preSolution
		Debug|Any CPU = Debug|Any CPU
		Release|Any CPU = Release|Any CPU
	EndGlobalSection
	GlobalSection(ProjectConfigurationPlatforms) = postSolution
		{3AE9C2C5-74D4-40A8-A7A2-E0D9BBCC6D21}.Debug|Any CPU.ActiveCfg = Debug|Any CPU
		{3AE9C2C5-74D4-40A8-A7A2-E0D9BBCC6D21}.Debug|Any CPU.Build.0 = Debug|Any CPU
		{3AE9C2C5-74D4-40A8-A7A2-E0D9BBCC6D21}.Release|Any CPU.ActiveCfg = Release|Any CPU
		{3AE9C2C5-74D4-40A8-A7A2-E0D9BBCC6D21}.Release|Any CPU.Build.0 = Release|Any CPU
	EndGlobalSection
	GlobalSection(SolutionProperties) = preSolution
		HideSolutionNode = FALSE
	EndGlobalSection
	GlobalSection(NestedProjects) = preSolution
		{FA2B934A-4D23-4264-8531-72C166EFB53F} = {DC440433-9073-47A3-96DF-5C23C2A4328C}
		{3AE9C2C5-74D4-40A8-A7A2-E0D9BBCC6D21} = {FA2B934A-4D23-4264-8531-72C166EFB53F}
	EndGlobalSection
	GlobalSection(ExtensibilityGlobals) = postSolution
		SolutionGuid = {87D1FA9A-E835-482E-8CE0-FA32792ADA99}
	EndGlobalSection
EndGlobal
